{
  "lockfileVersion": 1,
  "configVersion": 1,
  "workspaces": {
    "": {
      "name": "periapsis-magicseam",
      "dependencies": {
        "@matrixai/quic": "^2.0.9",
      },
      "devDependencies": {
        "@types/node": "^22.0.0",
        "typescript": "7.0.1-rc",
      },
    },
  },
  "packages": {
    "@matrixai/async-cancellable": ["@matrixai/async-cancellable@2.0.1", "", {}, "sha512-4oZC7RMehzZCfyVLk33fOZpW1Nz4WFxuHzznrjFDBre6FmGb63jc2uWjwn+BKplqyby1J/sdJbjO0iqNcweWHg=="],

    "@matrixai/async-init": ["@matrixai/async-init@2.1.2", "", { "dependencies": { "@matrixai/async-locks": "^5.0.1", "@matrixai/errors": "^2.1.0", "@matrixai/events": "^4.0.0" } }, "sha512-i8Hj9Q/FGM725/LpsUyXk2APHn6y7yV9VmPoayAMkzM54+7p9ylmyxIwpYzw1A2zslrgUUvszg++uSM4a+5REw=="],

    "@matrixai/async-locks": ["@matrixai/async-locks@5.0.2", "", { "dependencies": { "@matrixai/async-cancellable": "^2.0.0", "@matrixai/errors": "^2.0.1", "@matrixai/resources": "^2.0.0", "@matrixai/timer": "^2.0.0" } }, "sha512-YX3LUt4okyXPnDpx78PgPQybn8duh/FvWKx0t3UTaJW/0HL0/ZOQEEOsX1qefV1fQps1nKUHfjK1VeqZciCvXQ=="],

    "@matrixai/contexts": ["@matrixai/contexts@2.0.2", "", { "dependencies": { "@matrixai/async-cancellable": "^2.0.0", "@matrixai/async-locks": "^5.0.1", "@matrixai/errors": "^2.1.2", "@matrixai/resources": "^2.0.0", "@matrixai/timer": "^2.1.0" } }, "sha512-nI29nv2UP43s+hO+N8SDNxlDHHfj0Evypg5IxZ/Y04o6/InDhCQmZErxMu4ZAOTtt21yuI4zssPRcBQdhtQygA=="],

    "@matrixai/errors": ["@matrixai/errors@2.1.3", "", { "dependencies": { "ts-custom-error": "3.2.2" } }, "sha512-uPH09OHLykjCdX17Piyc1P0kw3pkJC8l2ydr6LzcWUPmP8i38oO9oq2AqX21UeyeBhGvDcBzQk890GUMb6iOIA=="],

    "@matrixai/events": ["@matrixai/events@4.0.1", "", {}, "sha512-75hH7ZTmhM/VXeICXCPiVr/ZxQSoBwXh2HOI3AhD8AGYDDsEJsm4tnDSr/6vT3vS0ryZb3kb9mpAmCeibdrF3w=="],

    "@matrixai/logger": ["@matrixai/logger@4.0.3", "", {}, "sha512-cu7e82iwN32H+K8HxsrvrWEYSEj7+RP/iVFhJ4RuacC8/BSOLFOYxry3EchVjrx4FP5G7QP1HnKYXAGpZN/46w=="],

    "@matrixai/quic": ["@matrixai/quic@2.0.9", "", { "dependencies": { "@matrixai/async-cancellable": "^2.0.1", "@matrixai/async-init": "^2.1.2", "@matrixai/async-locks": "^5.0.2", "@matrixai/contexts": "^2.0.2", "@matrixai/errors": "^2.1.3", "@matrixai/events": "^4.0.1", "@matrixai/logger": "^4.0.3", "@matrixai/resources": "^2.0.1", "@matrixai/timer": "^2.1.1", "ip-num": "^1.5.0" }, "optionalDependencies": { "@matrixai/quic-darwin-arm64": "2.0.9", "@matrixai/quic-darwin-universal": "2.0.9", "@matrixai/quic-darwin-x64": "2.0.9", "@matrixai/quic-linux-x64": "2.0.9", "@matrixai/quic-win32-x64": "2.0.9" } }, "sha512-3Ld/RTZsqOVTggOYalt0U9yCmoseY9IfzUM+QOSU5+nxCs23ds4ol7dmbXon9NcGXsuePs6UkVFsNwwL7x9ZlQ=="],

    "@matrixai/quic-darwin-arm64": ["@matrixai/quic-darwin-arm64@2.0.9", "", { "os": "darwin", "cpu": "arm64" }, "sha512-PLJvRXmeTJ2OLPnnDP8GBbXjGns2ltouZOcZqJB60DTIR+ijH6LAflvCw+0JT6a6jByD3gjRqSUIGsPbK7OMWg=="],

    "@matrixai/quic-darwin-universal": ["@matrixai/quic-darwin-universal@2.0.9", "", { "os": "darwin", "cpu": [ "x64", "arm64", ] }, "sha512-WjhxEoHIrIVpxBrIJH1Iy9jXDJygniXZxqGKTJd5+VrBttPn7ab9Ywe2SEly6DTH+rk8UlhTQpSgqz1Z+v5eww=="],

    "@matrixai/quic-darwin-x64": ["@matrixai/quic-darwin-x64@2.0.9", "", { "os": "darwin", "cpu": "x64" }, "sha512-J/RAWtbz7UMcaUTsgbbvBeXSwfZpq+DMkhfXhsqECgUwBAAsDW5UyZlemD/5mgYhYyFiwcaybOkttj11bKqyOg=="],

    "@matrixai/quic-linux-x64": ["@matrixai/quic-linux-x64@2.0.9", "", { "os": "linux", "cpu": "x64" }, "sha512-2m2mBp2c+qdlh3mBbHT7iHqLGPksFJGxxKWcJRJXiHUnyeh9M5gMXia2bWc7VXty0n6eGZak4txD8CPaeINDRQ=="],

    "@matrixai/quic-win32-x64": ["@matrixai/quic-win32-x64@2.0.9", "", { "os": "win32", "cpu": "x64" }, "sha512-VNdEh74Db/pX2BByuYaZ/3haGCejrAfDmVe+7OD/FKlHyIJkicKWjhNaeTDK2Nh2laaRF54MDZV+1FqO6TGePg=="],

    "@matrixai/resources": ["@matrixai/resources@2.0.1", "", {}, "sha512-qP7wDz1HnQY7wV4NxybAE+A+488D7bGkkdgk2TIRaw8/fTWENi9Y/AFvOJrdKt3q5rDybB4OeTJIkN5qULE35A=="],

    "@matrixai/timer": ["@matrixai/timer@2.1.1", "", { "dependencies": { "@matrixai/async-cancellable": "^2.0.0", "@matrixai/errors": "^2.0.1" } }, "sha512-8N4t3eISASJttKIuQKitVfCNxfaUp1Tritg9/92biGDxVwoP+Err8FVrjG30yWz56K/H+T9xUcZ58AH/mk15Sw=="],

    "@types/node": ["@types/node@22.20.1", "", { "dependencies": { "undici-types": "~6.21.0" } }, "sha512-EANqOCF9QFyra+4pfxUcX9STKJpCLjMbObVzljIJomAWSnuSIEAvyzEU53GaajbXJEgdh0iEcPL+DGvpUd4k1Q=="],

    "@typescript/typescript-aix-ppc64": ["@typescript/typescript-aix-ppc64@7.0.1-rc", "", { "os": "aix", "cpu": "ppc64" }, "sha512-oqq2ZfEJ7BQuufcC3QBQndZLPNyamYNHLao8lKRBeeSkZKypBqxPSgkzrcFZtbYcIaBvpiyUnQP9MT7DEYHWbw=="],

    "@typescript/typescript-darwin-arm64": ["@typescript/typescript-darwin-arm64@7.0.1-rc", "", { "os": "darwin", "cpu": "arm64" }, "sha512-Slc0yTftT2F/uGDmtPst8ijydneL6uZaLEyr2UjahxZpbhTjHFBJ5agXtVz/TL4A+ldxzjzj+E8QtLZlh/5mXw=="],

    "@typescript/typescript-darwin-x64": ["@typescript/typescript-darwin-x64@7.0.1-rc", "", { "os": "darwin", "cpu": "x64" }, "sha512-h68iFW/LbA1/BsGgSRGFw981/3s1f/rY27YrmeZNuN+ly7dI+fiDduwT9ZT9866x2onoKNRq7PTyxSKyKDzfAQ=="],

    "@typescript/typescript-freebsd-arm64": ["@typescript/typescript-freebsd-arm64@7.0.1-rc", "", { "os": "freebsd", "cpu": "arm64" }, "sha512-DE+ppd8Ix2c6OMuRkKY4PJ4hngMGJ9M95OQUP17p9xL/1IKXof7npIeuusMN/bgL5o5JzMfSGh+N+5scTYRg0Q=="],

    "@typescript/typescript-freebsd-x64": ["@typescript/typescript-freebsd-x64@7.0.1-rc", "", { "os": "freebsd", "cpu": "x64" }, "sha512-ST1ozHMw0u+CLOnWkcTyWDMV4Qn9osZ6fd1V1lnKDM1t0hZIp81mdGpdHxyHJjd7jdGrb6Gb/QXcZ1uqZ0t5zw=="],

    "@typescript/typescript-linux-arm": ["@typescript/typescript-linux-arm@7.0.1-rc", "", { "os": "linux", "cpu": "arm" }, "sha512-gHmHwT5Naq5CKM8g9bbaGeEpnwQEvWCLn3fwP4K2m61VQdDKkPk0Dhab/OoZ4LV2SrMddmclYXTzpyg23YGt5g=="],

    "@typescript/typescript-linux-arm64": ["@typescript/typescript-linux-arm64@7.0.1-rc", "", { "os": "linux", "cpu": "arm64" }, "sha512-N46pRihK3t5zD5MUtTQcdmQUqr1WI4U2nxno1gLwOtRSsB4krFkRjPHcQNG7h2DtRkX64rQiReX6WKwg2wprMA=="],

    "@typescript/typescript-linux-loong64": ["@typescript/typescript-linux-loong64@7.0.1-rc", "", { "os": "linux", "cpu": "none" }, "sha512-G17Sao312rgiPBTh2F4nOpLpa3CcnBSaNhqNghZk2LNhnsp1RaMO5HMq2me21gqu9xLpc6CIgHtOzU6JBgNlfg=="],

    "@typescript/typescript-linux-mips64el": ["@typescript/typescript-linux-mips64el@7.0.1-rc", "", { "os": "linux", "cpu": "none" }, "sha512-0FQspOb5UsQ4tQKvWgUO3pS9OIWkP7/8dPRWq+CRazJUeQZ4LBjtYK52jg5iIOrvItrVl2CwvRtrU3/9OihwJg=="],

    "@typescript/typescript-linux-ppc64": ["@typescript/typescript-linux-ppc64@7.0.1-rc", "", { "os": "linux", "cpu": "ppc64" }, "sha512-SUmwfVBEv6A2Ld0eWfcvW0FqrgemfQL8jFGOmV1qYxsDqumjE5DekHXqbstgmbE4SHr4rrjHjvmuGCY+kTH/vw=="],

    "@typescript/typescript-linux-riscv64": ["@typescript/typescript-linux-riscv64@7.0.1-rc", "", { "os": "linux", "cpu": "none" }, "sha512-rxeqnNnGiYzv/LlPHi/3+4p0ooR1cNJLjRIHXKovtiVmxXGJq6gtw8VSpbHuWPekyFMXgIAoLCZN0SQ51rAALQ=="],

    "@typescript/typescript-linux-s390x": ["@typescript/typescript-linux-s390x@7.0.1-rc", "", { "os": "linux", "cpu": "s390x" }, "sha512-RYWCHCiPypxajdRHM2CNK/eM22e4Ex5TTjV2pXf7PTtBowGr0xX8i8kIMknyZS0LX2QfleYHouaoMVsFDSle3g=="],

    "@typescript/typescript-linux-x64": ["@typescript/typescript-linux-x64@7.0.1-rc", "", { "os": "linux", "cpu": "x64" }, "sha512-PfLJSu0JzroDkqw2m4nqflPEcn8yev0m/vHFQlY9EzHorzjR6QG0wL8AJHvnD1e6h1s76AZngJ5u+z1K/D/HKw=="],

    "@typescript/typescript-netbsd-arm64": ["@typescript/typescript-netbsd-arm64@7.0.1-rc", "", { "os": "none", "cpu": "arm64" }, "sha512-FfbPxH3dTfp8yVIaNM7bdWTixXuyxpzoemluqcqMROSIz+ImpCG3Q9HO9Ptzp9/giv+P9YYEnCMSXh61migj2w=="],

    "@typescript/typescript-netbsd-x64": ["@typescript/typescript-netbsd-x64@7.0.1-rc", "", { "os": "none", "cpu": "x64" }, "sha512-FzdTfSzhRYb6hlav6K3cI5RVgcvCTvNAu/vc+t7B6AmZkThQ+t/1ntnvT5fnHmY1Az2RIBw7/b+qtCEG61HJTQ=="],

    "@typescript/typescript-openbsd-arm64": ["@typescript/typescript-openbsd-arm64@7.0.1-rc", "", { "os": "openbsd", "cpu": "arm64" }, "sha512-PQGhlxfNig+0YQ9Wwzd0USPBkt6w/ZqkBQWsU7G/0JkTzunJel+jSWwhKw4947pak/m7hGSeYiI04xReDLGZww=="],

    "@typescript/typescript-openbsd-x64": ["@typescript/typescript-openbsd-x64@7.0.1-rc", "", { "os": "openbsd", "cpu": "x64" }, "sha512-WJ7NYgO2mHmLUkI/tZ+hl8lFd26QPJqO8ONOHNuYbdsybLvSB6B6sep222JIVrOfPRDGvFinbGGB+l3m1FWRWA=="],

    "@typescript/typescript-sunos-x64": ["@typescript/typescript-sunos-x64@7.0.1-rc", "", { "os": "sunos", "cpu": "x64" }, "sha512-UYjDeUxd765V9qcwlUPk4pEXyL0i3G76CJm9baK4i99u1pGO1psf3nXDw4MMmElVOPvGbZag99ZR/O59E2OX6w=="],

    "@typescript/typescript-win32-arm64": ["@typescript/typescript-win32-arm64@7.0.1-rc", "", { "os": "win32", "cpu": "arm64" }, "sha512-KzXzFSXZOm7zvEt2Aw0MsB2LbTL88znAiVqTDNAOHdlEb7brgmUQh/X2wM/8Be+N0fjEqWKl65cBKNwpWEbJiw=="],

    "@typescript/typescript-win32-x64": ["@typescript/typescript-win32-x64@7.0.1-rc", "", { "os": "win32", "cpu": "x64" }, "sha512-98R3+OqDr/r0/PLWEoXu88AE0lGVLNd335Ew8ONgzK1JWkNs4ou/5BGt3Or1ij4iXjH+c7PRL+jFjCbtWze+EA=="],

    "ip-num": ["ip-num@1.5.2", "", {}, "sha512-CUxHEJuJk74GIQA75LD9RDkpK/3NJv8yRnseOh79AlRmFwT1HgYPKDOiVkd0QVR5MNwMj9EnOnS1yJn9CaYNZA=="],

    "ts-custom-error": ["ts-custom-error@3.2.2", "", {}, "sha512-u0YCNf2lf6T/vHm+POKZK1yFKWpSpJitcUN3HxqyEcFuNnHIDbyuIQC7QDy/PsBX3giFyk9rt6BFqBAh2lsDZQ=="],

    "typescript": ["typescript@7.0.1-rc", "", { "optionalDependencies": { "@typescript/typescript-aix-ppc64": "7.0.1-rc", "@typescript/typescript-darwin-arm64": "7.0.1-rc", "@typescript/typescript-darwin-x64": "7.0.1-rc", "@typescript/typescript-freebsd-arm64": "7.0.1-rc", "@typescript/typescript-freebsd-x64": "7.0.1-rc", "@typescript/typescript-linux-arm": "7.0.1-rc", "@typescript/typescript-linux-arm64": "7.0.1-rc", "@typescript/typescript-linux-loong64": "7.0.1-rc", "@typescript/typescript-linux-mips64el": "7.0.1-rc", "@typescript/typescript-linux-ppc64": "7.0.1-rc", "@typescript/typescript-linux-riscv64": "7.0.1-rc", "@typescript/typescript-linux-s390x": "7.0.1-rc", "@typescript/typescript-linux-x64": "7.0.1-rc", "@typescript/typescript-netbsd-arm64": "7.0.1-rc", "@typescript/typescript-netbsd-x64": "7.0.1-rc", "@typescript/typescript-openbsd-arm64": "7.0.1-rc", "@typescript/typescript-openbsd-x64": "7.0.1-rc", "@typescript/typescript-sunos-x64": "7.0.1-rc", "@typescript/typescript-win32-arm64": "7.0.1-rc", "@typescript/typescript-win32-x64": "7.0.1-rc" }, "bin": { "tsc": "bin/tsc" } }, "sha512-drEP77wK7CCDlPfXZH4e008UUQOsw1DFmHmZOZjuNA+yoDLLnSNMZRXi90NbV/1LVo7SbNLq1bs3jjvk49TEqQ=="],

    "undici-types": ["undici-types@6.21.0", "", {}, "sha512-iwDZqg0QAGrg9Rav5H4n0M64c3mkR59cJ6wQp+7C4nI0gsmExaedaYLNO44eT4AtBBwjbTiGPMlt2Md0T9H9JQ=="],
  }
}
